{
  "name": "@netlogix/stencil-hydrate-server",
  "version": "1.0.0",
  "lockfileVersion": 1,
  "requires": true,
  "dependencies": {
    "@stencil/core": {
      "version": "3.2.1",
      "resolved": "https://registry.npmjs.org/@stencil/core/-/core-3.2.1.tgz",
      "integrity": "sha512-Ybm4NteQBScLq3H0JML/uqo4nWjNpZw1HAAURtR5LlRm7ptzNKO5S8EnHp3m05/uyTzeh9yLpUFHY7bxGNdYLg==",
      "dev": true
    },
    "@types/node": {
      "version": "18.15.12",
      "resolved": "https://registry.npmjs.org/@types/node/-/node-18.15.12.tgz",
      "integrity": "sha512-Wha1UwsB3CYdqUm2PPzh/1gujGCNtWVUYF0mB00fJFoR4gTyWTDPjSm+zBF787Ahw8vSGgBja90MkgFwvB86Dg==",
      "dev": true
    },
    "@vercel/ncc": {
      "version": "0.36.1",
      "resolved": "https://registry.npmjs.org/@vercel/ncc/-/ncc-0.36.1.tgz",
      "integrity": "sha512-S4cL7Taa9yb5qbv+6wLgiKVZ03Qfkc4jGRuiUQMQ8HGBD5pcNRnHeYM33zBvJE4/zJGjJJ8GScB+WmTsn9mORw=="
    },
    "prettier": {
      "version": "2.8.7",
      "resolved": "https://registry.npmjs.org/prettier/-/prettier-2.8.7.tgz",
      "integrity": "sha512-yPngTo3aXUUmyuTjeTUT75txrf+aMh9FiD7q9ZE/i6r0bPb22g4FsE6Y338PQX1bmfy08i9QQCB7/rcUAVntfw==",
      "dev": true
    },
    "typescript": {
      "version": "5.0.4",
      "resolved": "https://registry.npmjs.org/typescript/-/typescript-5.0.4.tgz",
      "integrity": "sha512-cW9T5W9xY37cc+jfEnaUvX91foxtHkza3Nw3wkoF4sSlKn0MONdkdEndig/qPBWXNkmplh3NzayQzCiHM4/hqw==",
      "dev": true
    }
  }
}
